// !$*UTF8*$!
{
	archiveVersion = 1;
	classes = {
	};
	objectVersion = 51;
	objects = {

/* Begin PBXBuildFile section */
		2208A79C2261B40C00C6D45E /* SavedMarker.swift in Sources */ = {isa = PBXBuildFile; fileRef = 2208A79B2261B40C00C6D45E /* SavedMarker.swift */; };
		2208A7A32262EEE700C6D45E /* MarkerInfoViewController.swift in Sources */ = {isa = PBXBuildFile; fileRef = 2208A7A22262EEE700C6D45E /* MarkerInfoViewController.swift */; };
		2209B93123D0A93E00B3FE51 /* DefaultAlertShowing.swift in Sources */ = {isa = PBXBuildFile; fileRef = 2209B93023D0A93E00B3FE51 /* DefaultAlertShowing.swift */; };
		2209B93923D0C48C00B3FE51 /* UIImage+ScaleImage.swift in Sources */ = {isa = PBXBuildFile; fileRef = 2209B93823D0C48C00B3FE51 /* UIImage+ScaleImage.swift */; };
		2209B93C23D0C4D000B3FE51 /* UIViewController+Instantiate.swift in Sources */ = {isa = PBXBuildFile; fileRef = 2209B93B23D0C4D000B3FE51 /* UIViewController+Instantiate.swift */; };
		2209B94223D0C57C00B3FE51 /* UITextField+Padding.swift in Sources */ = {isa = PBXBuildFile; fileRef = 2209B94123D0C57C00B3FE51 /* UITextField+Padding.swift */; };
		2209B94523D0C5DB00B3FE51 /* UIApplication+SettingRootView.swift in Sources */ = {isa = PBXBuildFile; fileRef = 2209B94423D0C5DB00B3FE51 /* UIApplication+SettingRootView.swift */; };
		2209B94923D0C63000B3FE51 /* PrimaryButton.swift in Sources */ = {isa = PBXBuildFile; fileRef = 2209B94823D0C63000B3FE51 /* PrimaryButton.swift */; };
		2209B94B23D0C6AD00B3FE51 /* Image.swift in Sources */ = {isa = PBXBuildFile; fileRef = 2209B94A23D0C6AD00B3FE51 /* Image.swift */; };
		2209B94D23D0C6D800B3FE51 /* BackgroundView.swift in Sources */ = {isa = PBXBuildFile; fileRef = 2209B94C23D0C6D800B3FE51 /* BackgroundView.swift */; };
		2209B94F23D0C70D00B3FE51 /* AuthenticationTextField.swift in Sources */ = {isa = PBXBuildFile; fileRef = 2209B94E23D0C70D00B3FE51 /* AuthenticationTextField.swift */; };
		2209B95123D0C74300B3FE51 /* ViewControllerPannable.swift in Sources */ = {isa = PBXBuildFile; fileRef = 2209B95023D0C74300B3FE51 /* ViewControllerPannable.swift */; };
		2209B95423D0C95600B3FE51 /* UserDefault.swift in Sources */ = {isa = PBXBuildFile; fileRef = 2209B95323D0C95600B3FE51 /* UserDefault.swift */; };
		2209B95623D0CBE800B3FE51 /* ProgressHUDShowing.swift in Sources */ = {isa = PBXBuildFile; fileRef = 2209B95523D0CBE800B3FE51 /* ProgressHUDShowing.swift */; };
		2209B95923D0D20500B3FE51 /* MarkersManager.swift in Sources */ = {isa = PBXBuildFile; fileRef = 2209B95823D0D20500B3FE51 /* MarkersManager.swift */; };
		2209B95C23D0DCB200B3FE51 /* UITableView+Registration.swift in Sources */ = {isa = PBXBuildFile; fileRef = 2209B95B23D0DCB200B3FE51 /* UITableView+Registration.swift */; };
		2209B95E23D0DCF600B3FE51 /* NIBLoadableView.swift in Sources */ = {isa = PBXBuildFile; fileRef = 2209B95D23D0DCF600B3FE51 /* NIBLoadableView.swift */; };
		2209B96023D0DD1300B3FE51 /* ReusableView.swift in Sources */ = {isa = PBXBuildFile; fileRef = 2209B95F23D0DD1300B3FE51 /* ReusableView.swift */; };
		2209B96323D0DD8100B3FE51 /* UICollectionView+Registration.swift in Sources */ = {isa = PBXBuildFile; fileRef = 2209B96223D0DD8100B3FE51 /* UICollectionView+Registration.swift */; };
		2209B96523D0E69B00B3FE51 /* ReportsType.swift in Sources */ = {isa = PBXBuildFile; fileRef = 2209B96423D0E69B00B3FE51 /* ReportsType.swift */; };
		220E24A6228837FA002F2D63 /* AppStoryboard.swift in Sources */ = {isa = PBXBuildFile; fileRef = 220E24A5228837FA002F2D63 /* AppStoryboard.swift */; };
		220E24A822883957002F2D63 /* Login.storyboard in Resources */ = {isa = PBXBuildFile; fileRef = 220E24A722883957002F2D63 /* Login.storyboard */; };
		220E24AE22883FA9002F2D63 /* NavigationViewController.swift in Sources */ = {isa = PBXBuildFile; fileRef = 220E24AD22883FA9002F2D63 /* NavigationViewController.swift */; };
		220E24B02288405A002F2D63 /* CheckInternet.swift in Sources */ = {isa = PBXBuildFile; fileRef = 220E24AF2288405A002F2D63 /* CheckInternet.swift */; };
		2216D81A23DC8C5600BBA6D3 /* UIViewController+DismissingKeyboard.swift in Sources */ = {isa = PBXBuildFile; fileRef = 2216D81923DC8C5600BBA6D3 /* UIViewController+DismissingKeyboard.swift */; };
		223B1720226B342E00B9E20E /* ResetPasswordViewController.swift in Sources */ = {isa = PBXBuildFile; fileRef = 223B171F226B342E00B9E20E /* ResetPasswordViewController.swift */; };
		2247BD4422BDFC23009AE55C /* ThemeProtocol.swift in Sources */ = {isa = PBXBuildFile; fileRef = 2247BD4322BDFC23009AE55C /* ThemeProtocol.swift */; };
		2247BD4622BDFCA8009AE55C /* LightTheme.swift in Sources */ = {isa = PBXBuildFile; fileRef = 2247BD4522BDFCA8009AE55C /* LightTheme.swift */; };
		2247BD4922BDFCC1009AE55C /* DarkTheme.swift in Sources */ = {isa = PBXBuildFile; fileRef = 2247BD4822BDFCC1009AE55C /* DarkTheme.swift */; };
		224FD0D324407631004DBD1C /* UIColor+CustomColors.swift in Sources */ = {isa = PBXBuildFile; fileRef = 224FD0D224407631004DBD1C /* UIColor+CustomColors.swift */; };
		224FD0D524407B60004DBD1C /* UIColor+CustomInits.swift in Sources */ = {isa = PBXBuildFile; fileRef = 224FD0D424407B60004DBD1C /* UIColor+CustomInits.swift */; };
		22527AAE244071F600435585 /* ThemeModeCell.swift in Sources */ = {isa = PBXBuildFile; fileRef = 22527AAC244071F600435585 /* ThemeModeCell.swift */; };
		22527AAF244071F600435585 /* ThemeModeCell.xib in Resources */ = {isa = PBXBuildFile; fileRef = 22527AAD244071F600435585 /* ThemeModeCell.xib */; };
		22527AB12440733800435585 /* ThemeMode.swift in Sources */ = {isa = PBXBuildFile; fileRef = 22527AB02440733800435585 /* ThemeMode.swift */; };
		22585210228415360049F367 /* TakeMarkersFromFirebase.swift in Sources */ = {isa = PBXBuildFile; fileRef = 2258520F228415360049F367 /* TakeMarkersFromFirebase.swift */; };
		2260E40722BFA09000374258 /* UserMarker.swift in Sources */ = {isa = PBXBuildFile; fileRef = 2260E40622BFA09000374258 /* UserMarker.swift */; };
		22674A2624405FD300646C3B /* AppearanceViewController.swift in Sources */ = {isa = PBXBuildFile; fileRef = 22674A2524405FD300646C3B /* AppearanceViewController.swift */; };
		226B0E272440B407008AF6A4 /* UITraitCollection+Properties.swift in Sources */ = {isa = PBXBuildFile; fileRef = 226B0E262440B407008AF6A4 /* UITraitCollection+Properties.swift */; };
		226B0E292440B5BD008AF6A4 /* UIImage+CustomImages.swift in Sources */ = {isa = PBXBuildFile; fileRef = 226B0E282440B5BD008AF6A4 /* UIImage+CustomImages.swift */; };
		226B0E2E2442E5AE008AF6A4 /* LoadingLayer.swift in Sources */ = {isa = PBXBuildFile; fileRef = 226B0E2D2442E5AE008AF6A4 /* LoadingLayer.swift */; };
		228A1D2E23DAB7020058C5CD /* UIPageViewController+ScrollView.swift in Sources */ = {isa = PBXBuildFile; fileRef = 228A1D2D23DAB7020058C5CD /* UIPageViewController+ScrollView.swift */; };
		228A1D3323DAD9E30058C5CD /* Marker.swift in Sources */ = {isa = PBXBuildFile; fileRef = 228A1D3223DAD9E30058C5CD /* Marker.swift */; };
		228A1D3823DAE4A20058C5CD /* ActionSheetShowing.swift in Sources */ = {isa = PBXBuildFile; fileRef = 228A1D3723DAE4A20058C5CD /* ActionSheetShowing.swift */; };
		22926C9C225DAEC000E8D3AB /* MarkDetailViewController.swift in Sources */ = {isa = PBXBuildFile; fileRef = 22926C9B225DAEC000E8D3AB /* MarkDetailViewController.swift */; };
		2294CC7B226EE674008131A5 /* WeatherData.swift in Sources */ = {isa = PBXBuildFile; fileRef = 2294CC7A226EE674008131A5 /* WeatherData.swift */; };
		2294CCA322747954008131A5 /* ImageSource.swift in Sources */ = {isa = PBXBuildFile; fileRef = 2294CCA222747954008131A5 /* ImageSource.swift */; };
		2294CCA522758EB7008131A5 /* PostServiceFirebase.swift in Sources */ = {isa = PBXBuildFile; fileRef = 2294CCA422758EB7008131A5 /* PostServiceFirebase.swift */; };
		2294CCA722758EE2008131A5 /* StorageServiceFireBase.swift in Sources */ = {isa = PBXBuildFile; fileRef = 2294CCA622758EE2008131A5 /* StorageServiceFireBase.swift */; };
		2294CCAB22776BC4008131A5 /* ImageCollectionViewCell.swift in Sources */ = {isa = PBXBuildFile; fileRef = 2294CCAA22776BC4008131A5 /* ImageCollectionViewCell.swift */; };
		2295A64F24122C58007208CD /* StatusBarAppearance.swift in Sources */ = {isa = PBXBuildFile; fileRef = 2295A64E24122C58007208CD /* StatusBarAppearance.swift */; };
		22C23DD022798816004B47E9 /* CalloutView.storyboard in Resources */ = {isa = PBXBuildFile; fileRef = 22C23DCF22798816004B47E9 /* CalloutView.storyboard */; };
		22C23DD222798CC0004B47E9 /* CalloutView.swift in Sources */ = {isa = PBXBuildFile; fileRef = 22C23DD122798CC0004B47E9 /* CalloutView.swift */; };
		22C968DA23D0A7BD00E55572 /* TypeAliases.swift in Sources */ = {isa = PBXBuildFile; fileRef = 22C968D923D0A7BD00E55572 /* TypeAliases.swift */; };
		22C968DD23D0A84600E55572 /* KeyboardShowing.swift in Sources */ = {isa = PBXBuildFile; fileRef = 22C968DC23D0A84600E55572 /* KeyboardShowing.swift */; };
		22CA8091225A3A2800E01B61 /* ProfileViewController.swift in Sources */ = {isa = PBXBuildFile; fileRef = 22CA8090225A3A2800E01B61 /* ProfileViewController.swift */; };
		22DB647723F69C550039FF6B /* MarkersInnerViewController.swift in Sources */ = {isa = PBXBuildFile; fileRef = 22DB647623F69C550039FF6B /* MarkersInnerViewController.swift */; };
		22DC151223DA1066007F363F /* MarkersTableViewController.swift in Sources */ = {isa = PBXBuildFile; fileRef = 22DC151123DA1066007F363F /* MarkersTableViewController.swift */; };
		22DC151B23DA1788007F363F /* SavedMarkersTableViewController.swift in Sources */ = {isa = PBXBuildFile; fileRef = 22DC151923DA1788007F363F /* SavedMarkersTableViewController.swift */; };
		22DC152023DA17A2007F363F /* AddedMarkersTableViewController.swift in Sources */ = {isa = PBXBuildFile; fileRef = 22DC151E23DA17A2007F363F /* AddedMarkersTableViewController.swift */; };
		22DC152323DA17BD007F363F /* AddedMarkersTableViewController.storyboard in Resources */ = {isa = PBXBuildFile; fileRef = 22DC152223DA17BD007F363F /* AddedMarkersTableViewController.storyboard */; };
		22DC152523DA17D3007F363F /* SavedMarkersTableViewController.storyboard in Resources */ = {isa = PBXBuildFile; fileRef = 22DC152423DA17D3007F363F /* SavedMarkersTableViewController.storyboard */; };
		22DC152823DA1863007F363F /* MarkerInfoCell.swift in Sources */ = {isa = PBXBuildFile; fileRef = 22DC152623DA1863007F363F /* MarkerInfoCell.swift */; };
		22DC152923DA1863007F363F /* MarkerInfoCell.xib in Resources */ = {isa = PBXBuildFile; fileRef = 22DC152723DA1863007F363F /* MarkerInfoCell.xib */; };
		22DC152C23DA288B007F363F /* UIPageViewController+Navigation.swift in Sources */ = {isa = PBXBuildFile; fileRef = 22DC152B23DA288B007F363F /* UIPageViewController+Navigation.swift */; };
		22DE41A62403B43900680606 /* Date+Formatting.swift in Sources */ = {isa = PBXBuildFile; fileRef = 22DE41A52403B43900680606 /* Date+Formatting.swift */; };
		22F2E87B226825A80052BBC9 /* CustomCallout.swift in Sources */ = {isa = PBXBuildFile; fileRef = 22F2E87A226825A80052BBC9 /* CustomCallout.swift */; };
		22FAF2E923EF1AD0008C554F /* MulticastDelegate.swift in Sources */ = {isa = PBXBuildFile; fileRef = 22FAF2E823EF1AD0008C554F /* MulticastDelegate.swift */; };
		22FAF2EB23EF1BDA008C554F /* ThemeManager.swift in Sources */ = {isa = PBXBuildFile; fileRef = 22FAF2EA23EF1BDA008C554F /* ThemeManager.swift */; };
		22FF5A372259AF21007E4C19 /* AppDelegate.swift in Sources */ = {isa = PBXBuildFile; fileRef = 22FF5A362259AF21007E4C19 /* AppDelegate.swift */; };
		22FF5A392259AF21007E4C19 /* LoginViewController.swift in Sources */ = {isa = PBXBuildFile; fileRef = 22FF5A382259AF21007E4C19 /* LoginViewController.swift */; };
		22FF5A3C2259AF21007E4C19 /* Main.storyboard in Resources */ = {isa = PBXBuildFile; fileRef = 22FF5A3A2259AF21007E4C19 /* Main.storyboard */; };
		22FF5A3E2259AF23007E4C19 /* Assets.xcassets in Resources */ = {isa = PBXBuildFile; fileRef = 22FF5A3D2259AF23007E4C19 /* Assets.xcassets */; };
		22FF5A412259AF23007E4C19 /* LaunchScreen.storyboard in Resources */ = {isa = PBXBuildFile; fileRef = 22FF5A3F2259AF23007E4C19 /* LaunchScreen.storyboard */; };
		22FF5A4C2259B505007E4C19 /* RegisterViewController.swift in Sources */ = {isa = PBXBuildFile; fileRef = 22FF5A4B2259B505007E4C19 /* RegisterViewController.swift */; };
		22FF5A4E2259C9C2007E4C19 /* GoogleService-Info.plist in Resources */ = {isa = PBXBuildFile; fileRef = 22FF5A4D2259C9C2007E4C19 /* GoogleService-Info.plist */; };
		22FF5A502259CDF0007E4C19 /* MapViewController.swift in Sources */ = {isa = PBXBuildFile; fileRef = 22FF5A4F2259CDF0007E4C19 /* MapViewController.swift */; };
		22FF5A52225A000E007E4C19 /* TabBarController.swift in Sources */ = {isa = PBXBuildFile; fileRef = 22FF5A51225A000E007E4C19 /* TabBarController.swift */; };
		AB9052992FC58EEE9C05D562 /* libPods-Violations.a in Frameworks */ = {isa = PBXBuildFile; fileRef = 66D91882A34916FDA2AB0E79 /* libPods-Violations.a */; };
/* End PBXBuildFile section */

/* Begin PBXFileReference section */
		0497CF83778F778446DED38A /* Pods-Violations.release.xcconfig */ = {isa = PBXFileReference; includeInIndex = 1; lastKnownFileType = text.xcconfig; name = "Pods-Violations.release.xcconfig"; path = "Target Support Files/Pods-Violations/Pods-Violations.release.xcconfig"; sourceTree = "<group>"; };
		2208A79B2261B40C00C6D45E /* SavedMarker.swift */ = {isa = PBXFileReference; lastKnownFileType = sourcecode.swift; path = SavedMarker.swift; sourceTree = "<group>"; };
		2208A7A22262EEE700C6D45E /* MarkerInfoViewController.swift */ = {isa = PBXFileReference; lastKnownFileType = sourcecode.swift; path = MarkerInfoViewController.swift; sourceTree = "<group>"; };
		2209B93023D0A93E00B3FE51 /* DefaultAlertShowing.swift */ = {isa = PBXFileReference; lastKnownFileType = sourcecode.swift; path = DefaultAlertShowing.swift; sourceTree = "<group>"; };
		2209B93823D0C48C00B3FE51 /* UIImage+ScaleImage.swift */ = {isa = PBXFileReference; lastKnownFileType = sourcecode.swift; path = "UIImage+ScaleImage.swift"; sourceTree = "<group>"; };
		2209B93B23D0C4D000B3FE51 /* UIViewController+Instantiate.swift */ = {isa = PBXFileReference; lastKnownFileType = sourcecode.swift; path = "UIViewController+Instantiate.swift"; sourceTree = "<group>"; };
		2209B94123D0C57C00B3FE51 /* UITextField+Padding.swift */ = {isa = PBXFileReference; lastKnownFileType = sourcecode.swift; path = "UITextField+Padding.swift"; sourceTree = "<group>"; };
		2209B94423D0C5DB00B3FE51 /* UIApplication+SettingRootView.swift */ = {isa = PBXFileReference; lastKnownFileType = sourcecode.swift; path = "UIApplication+SettingRootView.swift"; sourceTree = "<group>"; };
		2209B94823D0C63000B3FE51 /* PrimaryButton.swift */ = {isa = PBXFileReference; lastKnownFileType = sourcecode.swift; path = PrimaryButton.swift; sourceTree = "<group>"; };
		2209B94A23D0C6AD00B3FE51 /* Image.swift */ = {isa = PBXFileReference; lastKnownFileType = sourcecode.swift; path = Image.swift; sourceTree = "<group>"; };
		2209B94C23D0C6D800B3FE51 /* BackgroundView.swift */ = {isa = PBXFileReference; lastKnownFileType = sourcecode.swift; path = BackgroundView.swift; sourceTree = "<group>"; };
		2209B94E23D0C70D00B3FE51 /* AuthenticationTextField.swift */ = {isa = PBXFileReference; lastKnownFileType = sourcecode.swift; path = AuthenticationTextField.swift; sourceTree = "<group>"; };
		2209B95023D0C74300B3FE51 /* ViewControllerPannable.swift */ = {isa = PBXFileReference; lastKnownFileType = sourcecode.swift; path = ViewControllerPannable.swift; sourceTree = "<group>"; };
		2209B95323D0C95600B3FE51 /* UserDefault.swift */ = {isa = PBXFileReference; lastKnownFileType = sourcecode.swift; path = UserDefault.swift; sourceTree = "<group>"; };
		2209B95523D0CBE800B3FE51 /* ProgressHUDShowing.swift */ = {isa = PBXFileReference; lastKnownFileType = sourcecode.swift; path = ProgressHUDShowing.swift; sourceTree = "<group>"; };
		2209B95823D0D20500B3FE51 /* MarkersManager.swift */ = {isa = PBXFileReference; lastKnownFileType = sourcecode.swift; path = MarkersManager.swift; sourceTree = "<group>"; };
		2209B95B23D0DCB200B3FE51 /* UITableView+Registration.swift */ = {isa = PBXFileReference; lastKnownFileType = sourcecode.swift; path = "UITableView+Registration.swift"; sourceTree = "<group>"; };
		2209B95D23D0DCF600B3FE51 /* NIBLoadableView.swift */ = {isa = PBXFileReference; lastKnownFileType = sourcecode.swift; path = NIBLoadableView.swift; sourceTree = "<group>"; };
		2209B95F23D0DD1300B3FE51 /* ReusableView.swift */ = {isa = PBXFileReference; lastKnownFileType = sourcecode.swift; path = ReusableView.swift; sourceTree = "<group>"; };
		2209B96223D0DD8100B3FE51 /* UICollectionView+Registration.swift */ = {isa = PBXFileReference; lastKnownFileType = sourcecode.swift; path = "UICollectionView+Registration.swift"; sourceTree = "<group>"; };
		2209B96423D0E69B00B3FE51 /* ReportsType.swift */ = {isa = PBXFileReference; lastKnownFileType = sourcecode.swift; path = ReportsType.swift; sourceTree = "<group>"; };
		220E24A5228837FA002F2D63 /* AppStoryboard.swift */ = {isa = PBXFileReference; lastKnownFileType = sourcecode.swift; path = AppStoryboard.swift; sourceTree = "<group>"; };
		220E24A722883957002F2D63 /* Login.storyboard */ = {isa = PBXFileReference; lastKnownFileType = file.storyboard; path = Login.storyboard; sourceTree = "<group>"; };
		220E24AD22883FA9002F2D63 /* NavigationViewController.swift */ = {isa = PBXFileReference; lastKnownFileType = sourcecode.swift; path = NavigationViewController.swift; sourceTree = "<group>"; };
		220E24AF2288405A002F2D63 /* CheckInternet.swift */ = {isa = PBXFileReference; lastKnownFileType = sourcecode.swift; path = CheckInternet.swift; sourceTree = "<group>"; };
		2216D81923DC8C5600BBA6D3 /* UIViewController+DismissingKeyboard.swift */ = {isa = PBXFileReference; lastKnownFileType = sourcecode.swift; path = "UIViewController+DismissingKeyboard.swift"; sourceTree = "<group>"; };
		223B171F226B342E00B9E20E /* ResetPasswordViewController.swift */ = {isa = PBXFileReference; lastKnownFileType = sourcecode.swift; path = ResetPasswordViewController.swift; sourceTree = "<group>"; };
		2247BD4322BDFC23009AE55C /* ThemeProtocol.swift */ = {isa = PBXFileReference; lastKnownFileType = sourcecode.swift; path = ThemeProtocol.swift; sourceTree = "<group>"; };
		2247BD4522BDFCA8009AE55C /* LightTheme.swift */ = {isa = PBXFileReference; lastKnownFileType = sourcecode.swift; path = LightTheme.swift; sourceTree = "<group>"; };
		2247BD4822BDFCC1009AE55C /* DarkTheme.swift */ = {isa = PBXFileReference; lastKnownFileType = sourcecode.swift; path = DarkTheme.swift; sourceTree = "<group>"; };
		224FD0D224407631004DBD1C /* UIColor+CustomColors.swift */ = {isa = PBXFileReference; lastKnownFileType = sourcecode.swift; path = "UIColor+CustomColors.swift"; sourceTree = "<group>"; };
		224FD0D424407B60004DBD1C /* UIColor+CustomInits.swift */ = {isa = PBXFileReference; lastKnownFileType = sourcecode.swift; path = "UIColor+CustomInits.swift"; sourceTree = "<group>"; };
		22527AAC244071F600435585 /* ThemeModeCell.swift */ = {isa = PBXFileReference; lastKnownFileType = sourcecode.swift; path = ThemeModeCell.swift; sourceTree = "<group>"; };
		22527AAD244071F600435585 /* ThemeModeCell.xib */ = {isa = PBXFileReference; lastKnownFileType = file.xib; path = ThemeModeCell.xib; sourceTree = "<group>"; };
		22527AB02440733800435585 /* ThemeMode.swift */ = {isa = PBXFileReference; lastKnownFileType = sourcecode.swift; path = ThemeMode.swift; sourceTree = "<group>"; };
		2258520F228415360049F367 /* TakeMarkersFromFirebase.swift */ = {isa = PBXFileReference; lastKnownFileType = sourcecode.swift; path = TakeMarkersFromFirebase.swift; sourceTree = "<group>"; };
		2260E40622BFA09000374258 /* UserMarker.swift */ = {isa = PBXFileReference; lastKnownFileType = sourcecode.swift; path = UserMarker.swift; sourceTree = "<group>"; };
		22674A2524405FD300646C3B /* AppearanceViewController.swift */ = {isa = PBXFileReference; lastKnownFileType = sourcecode.swift; path = AppearanceViewController.swift; sourceTree = "<group>"; };
		226B0E262440B407008AF6A4 /* UITraitCollection+Properties.swift */ = {isa = PBXFileReference; lastKnownFileType = sourcecode.swift; path = "UITraitCollection+Properties.swift"; sourceTree = "<group>"; };
		226B0E282440B5BD008AF6A4 /* UIImage+CustomImages.swift */ = {isa = PBXFileReference; lastKnownFileType = sourcecode.swift; path = "UIImage+CustomImages.swift"; sourceTree = "<group>"; };
		226B0E2D2442E5AE008AF6A4 /* LoadingLayer.swift */ = {isa = PBXFileReference; lastKnownFileType = sourcecode.swift; path = LoadingLayer.swift; sourceTree = "<group>"; };
		228A1D2D23DAB7020058C5CD /* UIPageViewController+ScrollView.swift */ = {isa = PBXFileReference; lastKnownFileType = sourcecode.swift; path = "UIPageViewController+ScrollView.swift"; sourceTree = "<group>"; };
		228A1D3223DAD9E30058C5CD /* Marker.swift */ = {isa = PBXFileReference; lastKnownFileType = sourcecode.swift; path = Marker.swift; sourceTree = "<group>"; };
		228A1D3723DAE4A20058C5CD /* ActionSheetShowing.swift */ = {isa = PBXFileReference; lastKnownFileType = sourcecode.swift; path = ActionSheetShowing.swift; sourceTree = "<group>"; };
		22926C9B225DAEC000E8D3AB /* MarkDetailViewController.swift */ = {isa = PBXFileReference; lastKnownFileType = sourcecode.swift; path = MarkDetailViewController.swift; sourceTree = "<group>"; };
		2294CC79226DAA81008131A5 /* Violations.app */ = {isa = PBXFileReference; explicitFileType = wrapper.application; includeInIndex = 0; path = Violations.app; sourceTree = BUILT_PRODUCTS_DIR; };
		2294CC7A226EE674008131A5 /* WeatherData.swift */ = {isa = PBXFileReference; lastKnownFileType = sourcecode.swift; path = WeatherData.swift; sourceTree = "<group>"; };
		2294CCA222747954008131A5 /* ImageSource.swift */ = {isa = PBXFileReference; lastKnownFileType = sourcecode.swift; path = ImageSource.swift; sourceTree = "<group>"; };
		2294CCA422758EB7008131A5 /* PostServiceFirebase.swift */ = {isa = PBXFileReference; lastKnownFileType = sourcecode.swift; path = PostServiceFirebase.swift; sourceTree = "<group>"; };
		2294CCA622758EE2008131A5 /* StorageServiceFireBase.swift */ = {isa = PBXFileReference; lastKnownFileType = sourcecode.swift; path = StorageServiceFireBase.swift; sourceTree = "<group>"; };
		2294CCAA22776BC4008131A5 /* ImageCollectionViewCell.swift */ = {isa = PBXFileReference; lastKnownFileType = sourcecode.swift; path = ImageCollectionViewCell.swift; sourceTree = "<group>"; };
		2295A64E24122C58007208CD /* StatusBarAppearance.swift */ = {isa = PBXFileReference; lastKnownFileType = sourcecode.swift; path = StatusBarAppearance.swift; sourceTree = "<group>"; };
		22C23DCF22798816004B47E9 /* CalloutView.storyboard */ = {isa = PBXFileReference; lastKnownFileType = file.storyboard; path = CalloutView.storyboard; sourceTree = "<group>"; };
		22C23DD122798CC0004B47E9 /* CalloutView.swift */ = {isa = PBXFileReference; lastKnownFileType = sourcecode.swift; path = CalloutView.swift; sourceTree = "<group>"; };
		22C968D923D0A7BD00E55572 /* TypeAliases.swift */ = {isa = PBXFileReference; lastKnownFileType = sourcecode.swift; path = TypeAliases.swift; sourceTree = "<group>"; };
		22C968DC23D0A84600E55572 /* KeyboardShowing.swift */ = {isa = PBXFileReference; lastKnownFileType = sourcecode.swift; path = KeyboardShowing.swift; sourceTree = "<group>"; };
		22CA8090225A3A2800E01B61 /* ProfileViewController.swift */ = {isa = PBXFileReference; lastKnownFileType = sourcecode.swift; path = ProfileViewController.swift; sourceTree = "<group>"; };
		22DB647623F69C550039FF6B /* MarkersInnerViewController.swift */ = {isa = PBXFileReference; lastKnownFileType = sourcecode.swift; path = MarkersInnerViewController.swift; sourceTree = "<group>"; };
		22DC151123DA1066007F363F /* MarkersTableViewController.swift */ = {isa = PBXFileReference; lastKnownFileType = sourcecode.swift; path = MarkersTableViewController.swift; sourceTree = "<group>"; };
		22DC151923DA1788007F363F /* SavedMarkersTableViewController.swift */ = {isa = PBXFileReference; lastKnownFileType = sourcecode.swift; path = SavedMarkersTableViewController.swift; sourceTree = "<group>"; };
		22DC151E23DA17A2007F363F /* AddedMarkersTableViewController.swift */ = {isa = PBXFileReference; lastKnownFileType = sourcecode.swift; path = AddedMarkersTableViewController.swift; sourceTree = "<group>"; };
		22DC152223DA17BD007F363F /* AddedMarkersTableViewController.storyboard */ = {isa = PBXFileReference; lastKnownFileType = file.storyboard; path = AddedMarkersTableViewController.storyboard; sourceTree = "<group>"; };
		22DC152423DA17D3007F363F /* SavedMarkersTableViewController.storyboard */ = {isa = PBXFileReference; lastKnownFileType = file.storyboard; path = SavedMarkersTableViewController.storyboard; sourceTree = "<group>"; };
		22DC152623DA1863007F363F /* MarkerInfoCell.swift */ = {isa = PBXFileReference; lastKnownFileType = sourcecode.swift; path = MarkerInfoCell.swift; sourceTree = "<group>"; };
		22DC152723DA1863007F363F /* MarkerInfoCell.xib */ = {isa = PBXFileReference; lastKnownFileType = file.xib; path = MarkerInfoCell.xib; sourceTree = "<group>"; };
		22DC152B23DA288B007F363F /* UIPageViewController+Navigation.swift */ = {isa = PBXFileReference; lastKnownFileType = sourcecode.swift; path = "UIPageViewController+Navigation.swift"; sourceTree = "<group>"; };
		22DE41A52403B43900680606 /* Date+Formatting.swift */ = {isa = PBXFileReference; lastKnownFileType = sourcecode.swift; path = "Date+Formatting.swift"; sourceTree = "<group>"; };
		22F2E87A226825A80052BBC9 /* CustomCallout.swift */ = {isa = PBXFileReference; lastKnownFileType = sourcecode.swift; path = CustomCallout.swift; sourceTree = "<group>"; };
		22FAF2E823EF1AD0008C554F /* MulticastDelegate.swift */ = {isa = PBXFileReference; lastKnownFileType = sourcecode.swift; path = MulticastDelegate.swift; sourceTree = "<group>"; };
		22FAF2EA23EF1BDA008C554F /* ThemeManager.swift */ = {isa = PBXFileReference; lastKnownFileType = sourcecode.swift; path = ThemeManager.swift; sourceTree = "<group>"; };
		22FF5A362259AF21007E4C19 /* AppDelegate.swift */ = {isa = PBXFileReference; lastKnownFileType = sourcecode.swift; path = AppDelegate.swift; sourceTree = "<group>"; };
		22FF5A382259AF21007E4C19 /* LoginViewController.swift */ = {isa = PBXFileReference; lastKnownFileType = sourcecode.swift; path = LoginViewController.swift; sourceTree = "<group>"; };
		22FF5A3B2259AF21007E4C19 /* Base */ = {isa = PBXFileReference; lastKnownFileType = file.storyboard; name = Base; path = Base.lproj/Main.storyboard; sourceTree = "<group>"; };
		22FF5A3D2259AF23007E4C19 /* Assets.xcassets */ = {isa = PBXFileReference; lastKnownFileType = folder.assetcatalog; path = Assets.xcassets; sourceTree = "<group>"; };
		22FF5A402259AF23007E4C19 /* Base */ = {isa = PBXFileReference; lastKnownFileType = file.storyboard; name = Base; path = Base.lproj/LaunchScreen.storyboard; sourceTree = "<group>"; };
		22FF5A422259AF23007E4C19 /* Info.plist */ = {isa = PBXFileReference; lastKnownFileType = text.plist.xml; path = Info.plist; sourceTree = "<group>"; };
		22FF5A4B2259B505007E4C19 /* RegisterViewController.swift */ = {isa = PBXFileReference; lastKnownFileType = sourcecode.swift; path = RegisterViewController.swift; sourceTree = "<group>"; };
		22FF5A4D2259C9C2007E4C19 /* GoogleService-Info.plist */ = {isa = PBXFileReference; fileEncoding = 4; lastKnownFileType = text.plist.xml; path = "GoogleService-Info.plist"; sourceTree = "<group>"; };
		22FF5A4F2259CDF0007E4C19 /* MapViewController.swift */ = {isa = PBXFileReference; lastKnownFileType = sourcecode.swift; path = MapViewController.swift; sourceTree = "<group>"; };
		22FF5A51225A000E007E4C19 /* TabBarController.swift */ = {isa = PBXFileReference; lastKnownFileType = sourcecode.swift; path = TabBarController.swift; sourceTree = "<group>"; };
		66D91882A34916FDA2AB0E79 /* libPods-Violations.a */ = {isa = PBXFileReference; explicitFileType = archive.ar; includeInIndex = 0; path = "libPods-Violations.a"; sourceTree = BUILT_PRODUCTS_DIR; };
		A8B9A8853405CDF2F0F70A94 /* Pods-Violations.debug.xcconfig */ = {isa = PBXFileReference; includeInIndex = 1; lastKnownFileType = text.xcconfig; name = "Pods-Violations.debug.xcconfig"; path = "Target Support Files/Pods-Violations/Pods-Violations.debug.xcconfig"; sourceTree = "<group>"; };
/* End PBXFileReference section */

/* Begin PBXFrameworksBuildPhase section */
		22FF5A302259AF21007E4C19 /* Frameworks */ = {
			isa = PBXFrameworksBuildPhase;
			buildActionMask = 2147483647;
			files = (
				AB9052992FC58EEE9C05D562 /* libPods-Violations.a in Frameworks */,
			);
			runOnlyForDeploymentPostprocessing = 0;
		};
/* End PBXFrameworksBuildPhase section */

/* Begin PBXGroup section */
		2209B93423D0C16D00B3FE51 /* CollectionView */ = {
			isa = PBXGroup;
			children = (
				2209B93523D0C17C00B3FE51 /* CollectionViewCells */,
			);
			path = CollectionView;
			sourceTree = "<group>";
		};
		2209B93523D0C17C00B3FE51 /* CollectionViewCells */ = {
			isa = PBXGroup;
			children = (
				2294CCAA22776BC4008131A5 /* ImageCollectionViewCell.swift */,
			);
			path = CollectionViewCells;
			sourceTree = "<group>";
		};
		2209B93623D0C45D00B3FE51 /* Extensions */ = {
			isa = PBXGroup;
			children = (
				226B0E252440B3A7008AF6A4 /* UITraitCollection */,
				224FD0D12440761D004DBD1C /* UIColor */,
				2295A64D24122C42007208CD /* StatusBar */,
				22DE41A42403B41700680606 /* Date */,
				22DC152A23DA2868007F363F /* UIPageViewController */,
				2209B96123D0DD7300B3FE51 /* UICollectionView */,
				2209B95A23D0DCA200B3FE51 /* UITableView */,
				2209B94323D0C5C700B3FE51 /* UIApplication */,
				2209B94023D0C56C00B3FE51 /* UITextField */,
				2209B93A23D0C4BA00B3FE51 /* UIViewController */,
				2209B93723D0C47700B3FE51 /* UIImage */,
			);
			path = Extensions;
			sourceTree = "<group>";
		};
		2209B93723D0C47700B3FE51 /* UIImage */ = {
			isa = PBXGroup;
			children = (
				2209B93823D0C48C00B3FE51 /* UIImage+ScaleImage.swift */,
				226B0E282440B5BD008AF6A4 /* UIImage+CustomImages.swift */,
			);
			path = UIImage;
			sourceTree = "<group>";
		};
		2209B93A23D0C4BA00B3FE51 /* UIViewController */ = {
			isa = PBXGroup;
			children = (
				2209B93B23D0C4D000B3FE51 /* UIViewController+Instantiate.swift */,
				2216D81923DC8C5600BBA6D3 /* UIViewController+DismissingKeyboard.swift */,
			);
			path = UIViewController;
			sourceTree = "<group>";
		};
		2209B94023D0C56C00B3FE51 /* UITextField */ = {
			isa = PBXGroup;
			children = (
				2209B94123D0C57C00B3FE51 /* UITextField+Padding.swift */,
			);
			path = UITextField;
			sourceTree = "<group>";
		};
		2209B94323D0C5C700B3FE51 /* UIApplication */ = {
			isa = PBXGroup;
			children = (
				2209B94423D0C5DB00B3FE51 /* UIApplication+SettingRootView.swift */,
			);
			path = UIApplication;
			sourceTree = "<group>";
		};
		2209B94623D0C61100B3FE51 /* CheckInternet */ = {
			isa = PBXGroup;
			children = (
				220E24AF2288405A002F2D63 /* CheckInternet.swift */,
			);
			path = CheckInternet;
			sourceTree = "<group>";
		};
		2209B94723D0C61F00B3FE51 /* UI */ = {
			isa = PBXGroup;
			children = (
				2209B94823D0C63000B3FE51 /* PrimaryButton.swift */,
				2209B94A23D0C6AD00B3FE51 /* Image.swift */,
				2209B94C23D0C6D800B3FE51 /* BackgroundView.swift */,
				2209B94E23D0C70D00B3FE51 /* AuthenticationTextField.swift */,
				2209B95023D0C74300B3FE51 /* ViewControllerPannable.swift */,
				226B0E2D2442E5AE008AF6A4 /* LoadingLayer.swift */,
			);
			path = UI;
			sourceTree = "<group>";
		};
		2209B95223D0C93D00B3FE51 /* PropertyWrappers */ = {
			isa = PBXGroup;
			children = (
				2209B95323D0C95600B3FE51 /* UserDefault.swift */,
				22FAF2E823EF1AD0008C554F /* MulticastDelegate.swift */,
			);
			path = PropertyWrappers;
			sourceTree = "<group>";
		};
		2209B95723D0D1F100B3FE51 /* Managers */ = {
			isa = PBXGroup;
			children = (
				2209B95823D0D20500B3FE51 /* MarkersManager.swift */,
				22FAF2EA23EF1BDA008C554F /* ThemeManager.swift */,
			);
			path = Managers;
			sourceTree = "<group>";
		};
		2209B95A23D0DCA200B3FE51 /* UITableView */ = {
			isa = PBXGroup;
			children = (
				2209B95B23D0DCB200B3FE51 /* UITableView+Registration.swift */,
			);
			path = UITableView;
			sourceTree = "<group>";
		};
		2209B96123D0DD7300B3FE51 /* UICollectionView */ = {
			isa = PBXGroup;
			children = (
				2209B96223D0DD8100B3FE51 /* UICollectionView+Registration.swift */,
			);
			path = UICollectionView;
			sourceTree = "<group>";
		};
		220E24A922883E9C002F2D63 /* Authentication */ = {
			isa = PBXGroup;
			children = (
				22FF5A4B2259B505007E4C19 /* RegisterViewController.swift */,
				223B171F226B342E00B9E20E /* ResetPasswordViewController.swift */,
				22FF5A382259AF21007E4C19 /* LoginViewController.swift */,
			);
			path = Authentication;
			sourceTree = "<group>";
		};
		220E24AA22883F4C002F2D63 /* Map */ = {
			isa = PBXGroup;
			children = (
				22FF5A4F2259CDF0007E4C19 /* MapViewController.swift */,
				22926C9B225DAEC000E8D3AB /* MarkDetailViewController.swift */,
			);
			path = Map;
			sourceTree = "<group>";
		};
		220E24AB22883F56002F2D63 /* Saved Markers */ = {
			isa = PBXGroup;
			children = (
				22DC151123DA1066007F363F /* MarkersTableViewController.swift */,
				2208A7A22262EEE700C6D45E /* MarkerInfoViewController.swift */,
				22DC151323DA11CA007F363F /* InnerPageViewControllers */,
				22DC151423DA13E4007F363F /* TableViewCells */,
			);
			path = "Saved Markers";
			sourceTree = "<group>";
		};
		220E24AC22883F69002F2D63 /* Profile info */ = {
			isa = PBXGroup;
			children = (
				22CA8090225A3A2800E01B61 /* ProfileViewController.swift */,
				22674A2524405FD300646C3B /* AppearanceViewController.swift */,
				22674A2724406AEB00646C3B /* TableViewCells */,
			);
			path = "Profile info";
			sourceTree = "<group>";
		};
		2247BD4022BDFAA6009AE55C /* Resources */ = {
			isa = PBXGroup;
			children = (
				2247BD4722BDFCB0009AE55C /* Theme */,
			);
			path = Resources;
			sourceTree = "<group>";
		};
		2247BD4722BDFCB0009AE55C /* Theme */ = {
			isa = PBXGroup;
			children = (
				2247BD4322BDFC23009AE55C /* ThemeProtocol.swift */,
				2247BD4522BDFCA8009AE55C /* LightTheme.swift */,
				2247BD4822BDFCC1009AE55C /* DarkTheme.swift */,
			);
			path = Theme;
			sourceTree = "<group>";
		};
		224FD0D12440761D004DBD1C /* UIColor */ = {
			isa = PBXGroup;
			children = (
				224FD0D224407631004DBD1C /* UIColor+CustomColors.swift */,
				224FD0D424407B60004DBD1C /* UIColor+CustomInits.swift */,
			);
			path = UIColor;
			sourceTree = "<group>";
		};
		22527AAB244071E200435585 /* ThemeModeCell */ = {
			isa = PBXGroup;
			children = (
				22527AAC244071F600435585 /* ThemeModeCell.swift */,
				22527AAD244071F600435585 /* ThemeModeCell.xib */,
			);
			path = ThemeModeCell;
			sourceTree = "<group>";
		};
		22674A2724406AEB00646C3B /* TableViewCells */ = {
			isa = PBXGroup;
			children = (
				22527AAB244071E200435585 /* ThemeModeCell */,
			);
			path = TableViewCells;
			sourceTree = "<group>";
		};
		226B0E252440B3A7008AF6A4 /* UITraitCollection */ = {
			isa = PBXGroup;
			children = (
				226B0E262440B407008AF6A4 /* UITraitCollection+Properties.swift */,
			);
			path = UITraitCollection;
			sourceTree = "<group>";
		};
		2294CC39226C45D9008131A5 /* Supporting files */ = {
			isa = PBXGroup;
			children = (
				22FF5A362259AF21007E4C19 /* AppDelegate.swift */,
				220E24A5228837FA002F2D63 /* AppStoryboard.swift */,
				22FF5A3D2259AF23007E4C19 /* Assets.xcassets */,
			);
			path = "Supporting files";
			sourceTree = "<group>";
		};
		2295A64D24122C42007208CD /* StatusBar */ = {
			isa = PBXGroup;
			children = (
				2295A64E24122C58007208CD /* StatusBarAppearance.swift */,
			);
			path = StatusBar;
			sourceTree = "<group>";
		};
		22C968D623D0A6E600E55572 /* Common */ = {
			isa = PBXGroup;
			children = (
				2209B95723D0D1F100B3FE51 /* Managers */,
				2209B95223D0C93D00B3FE51 /* PropertyWrappers */,
				2209B94723D0C61F00B3FE51 /* UI */,
				2209B94623D0C61100B3FE51 /* CheckInternet */,
				2209B93623D0C45D00B3FE51 /* Extensions */,
				2209B93423D0C16D00B3FE51 /* CollectionView */,
				22C968DB23D0A80A00E55572 /* Protocols */,
				22C968D823D0A7AC00E55572 /* Constants */,
			);
			path = Common;
			sourceTree = "<group>";
		};
		22C968D823D0A7AC00E55572 /* Constants */ = {
			isa = PBXGroup;
			children = (
				22C968D923D0A7BD00E55572 /* TypeAliases.swift */,
			);
			path = Constants;
			sourceTree = "<group>";
		};
		22C968DB23D0A80A00E55572 /* Protocols */ = {
			isa = PBXGroup;
			children = (
				22C968DC23D0A84600E55572 /* KeyboardShowing.swift */,
				2209B93023D0A93E00B3FE51 /* DefaultAlertShowing.swift */,
				2209B95523D0CBE800B3FE51 /* ProgressHUDShowing.swift */,
				2209B95D23D0DCF600B3FE51 /* NIBLoadableView.swift */,
				2209B95F23D0DD1300B3FE51 /* ReusableView.swift */,
				228A1D3723DAE4A20058C5CD /* ActionSheetShowing.swift */,
			);
			path = Protocols;
			sourceTree = "<group>";
		};
		22DC151323DA11CA007F363F /* InnerPageViewControllers */ = {
			isa = PBXGroup;
			children = (
				22DB647623F69C550039FF6B /* MarkersInnerViewController.swift */,
				22DC151D23DA178B007F363F /* AddedMarkersTableViewController */,
				22DC151823DA1772007F363F /* SavedMarkersTableViewController */,
			);
			path = InnerPageViewControllers;
			sourceTree = "<group>";
		};
		22DC151423DA13E4007F363F /* TableViewCells */ = {
			isa = PBXGroup;
			children = (
				22DC151523DA13F9007F363F /* MarkerInfoCell */,
			);
			path = TableViewCells;
			sourceTree = "<group>";
		};
		22DC151523DA13F9007F363F /* MarkerInfoCell */ = {
			isa = PBXGroup;
			children = (
				22DC152623DA1863007F363F /* MarkerInfoCell.swift */,
				22DC152723DA1863007F363F /* MarkerInfoCell.xib */,
			);
			path = MarkerInfoCell;
			sourceTree = "<group>";
		};
		22DC151823DA1772007F363F /* SavedMarkersTableViewController */ = {
			isa = PBXGroup;
			children = (
				22DC151923DA1788007F363F /* SavedMarkersTableViewController.swift */,
				22DC152423DA17D3007F363F /* SavedMarkersTableViewController.storyboard */,
			);
			path = SavedMarkersTableViewController;
			sourceTree = "<group>";
		};
		22DC151D23DA178B007F363F /* AddedMarkersTableViewController */ = {
			isa = PBXGroup;
			children = (
				22DC151E23DA17A2007F363F /* AddedMarkersTableViewController.swift */,
				22DC152223DA17BD007F363F /* AddedMarkersTableViewController.storyboard */,
			);
			path = AddedMarkersTableViewController;
			sourceTree = "<group>";
		};
		22DC152A23DA2868007F363F /* UIPageViewController */ = {
			isa = PBXGroup;
			children = (
				22DC152B23DA288B007F363F /* UIPageViewController+Navigation.swift */,
				228A1D2D23DAB7020058C5CD /* UIPageViewController+ScrollView.swift */,
			);
			path = UIPageViewController;
			sourceTree = "<group>";
		};
		22DE41A42403B41700680606 /* Date */ = {
			isa = PBXGroup;
			children = (
				22DE41A52403B43900680606 /* Date+Formatting.swift */,
			);
			path = Date;
			sourceTree = "<group>";
		};
		22F2E879226825700052BBC9 /* CustomCallout */ = {
			isa = PBXGroup;
			children = (
				22C23DCF22798816004B47E9 /* CalloutView.storyboard */,
				22C23DD122798CC0004B47E9 /* CalloutView.swift */,
			);
			path = CustomCallout;
			sourceTree = "<group>";
		};
		22FF5A2A2259AF21007E4C19 = {
			isa = PBXGroup;
			children = (
				22FF5A352259AF21007E4C19 /* Violations */,
				BEED543799D608DDE6396FBD /* Pods */,
				32A6039BB34023A4AEA2E5CF /* Frameworks */,
				2294CC79226DAA81008131A5 /* Violations.app */,
			);
			sourceTree = "<group>";
		};
		22FF5A352259AF21007E4C19 /* Violations */ = {
			isa = PBXGroup;
			children = (
				2247BD4022BDFAA6009AE55C /* Resources */,
				22C968D623D0A6E600E55572 /* Common */,
				22FF5A4A2259AF5A007E4C19 /* Storyboards */,
				22FF5A492259AF50007E4C19 /* Scenes */,
				22FF5A482259AF3F007E4C19 /* Models */,
				2294CC39226C45D9008131A5 /* Supporting files */,
				22FF5A422259AF23007E4C19 /* Info.plist */,
				22FF5A4D2259C9C2007E4C19 /* GoogleService-Info.plist */,
			);
			path = Violations;
			sourceTree = "<group>";
		};
		22FF5A482259AF3F007E4C19 /* Models */ = {
			isa = PBXGroup;
			children = (
				22F2E87A226825A80052BBC9 /* CustomCallout.swift */,
				228A1D3223DAD9E30058C5CD /* Marker.swift */,
				2208A79B2261B40C00C6D45E /* SavedMarker.swift */,
				2260E40622BFA09000374258 /* UserMarker.swift */,
				2294CC7A226EE674008131A5 /* WeatherData.swift */,
				2294CCA222747954008131A5 /* ImageSource.swift */,
				2258520F228415360049F367 /* TakeMarkersFromFirebase.swift */,
				2294CCA422758EB7008131A5 /* PostServiceFirebase.swift */,
				2294CCA622758EE2008131A5 /* StorageServiceFireBase.swift */,
				2209B96423D0E69B00B3FE51 /* ReportsType.swift */,
				22527AB02440733800435585 /* ThemeMode.swift */,
			);
			path = Models;
			sourceTree = "<group>";
		};
		22FF5A492259AF50007E4C19 /* Scenes */ = {
			isa = PBXGroup;
			children = (
				220E24A922883E9C002F2D63 /* Authentication */,
				220E24AA22883F4C002F2D63 /* Map */,
				220E24AB22883F56002F2D63 /* Saved Markers */,
				220E24AC22883F69002F2D63 /* Profile info */,
				220E24AD22883FA9002F2D63 /* NavigationViewController.swift */,
				22FF5A51225A000E007E4C19 /* TabBarController.swift */,
			);
			path = Scenes;
			sourceTree = "<group>";
		};
		22FF5A4A2259AF5A007E4C19 /* Storyboards */ = {
			isa = PBXGroup;
			children = (
				22FF5A3F2259AF23007E4C19 /* LaunchScreen.storyboard */,
				220E24A722883957002F2D63 /* Login.storyboard */,
				22FF5A3A2259AF21007E4C19 /* Main.storyboard */,
				22F2E879226825700052BBC9 /* CustomCallout */,
			);
			path = Storyboards;
			sourceTree = "<group>";
		};
		32A6039BB34023A4AEA2E5CF /* Frameworks */ = {
			isa = PBXGroup;
			children = (
				66D91882A34916FDA2AB0E79 /* libPods-Violations.a */,
			);
			name = Frameworks;
			sourceTree = "<group>";
		};
		BEED543799D608DDE6396FBD /* Pods */ = {
			isa = PBXGroup;
			children = (
				A8B9A8853405CDF2F0F70A94 /* Pods-Violations.debug.xcconfig */,
				0497CF83778F778446DED38A /* Pods-Violations.release.xcconfig */,
			);
			path = Pods;
			sourceTree = "<group>";
		};
/* End PBXGroup section */

/* Begin PBXNativeTarget section */
		22FF5A322259AF21007E4C19 /* Violations */ = {
			isa = PBXNativeTarget;
			buildConfigurationList = 22FF5A452259AF23007E4C19 /* Build configuration list for PBXNativeTarget "Violations" */;
			buildPhases = (
				54D5B8ACCF9D98CC038178BF /* [CP] Check Pods Manifest.lock */,
				22FF5A2F2259AF21007E4C19 /* Sources */,
				22FF5A302259AF21007E4C19 /* Frameworks */,
				22FF5A312259AF21007E4C19 /* Resources */,
				A565F8C0FFBF03B10B69A60B /* [CP] Copy Pods Resources */,
			);
			buildRules = (
			);
			dependencies = (
			);
			name = Violations;
			productName = Violations;
			productReference = 2294CC79226DAA81008131A5 /* Violations.app */;
			productType = "com.apple.product-type.application";
		};
/* End PBXNativeTarget section */

/* Begin PBXProject section */
		22FF5A2B2259AF21007E4C19 /* Project object */ = {
			isa = PBXProject;
			attributes = {
				LastSwiftUpdateCheck = 1020;
				LastUpgradeCheck = 1020;
				ORGANIZATIONNAME = "Tyoma Zagoskin";
				TargetAttributes = {
					22FF5A322259AF21007E4C19 = {
						CreatedOnToolsVersion = 10.2;
					};
				};
			};
			buildConfigurationList = 22FF5A2E2259AF21007E4C19 /* Build configuration list for PBXProject "Violations" */;
			compatibilityVersion = "Xcode 9.3";
			developmentRegion = en;
			hasScannedForEncodings = 0;
			knownRegions = (
				en,
				Base,
			);
			mainGroup = 22FF5A2A2259AF21007E4C19;
			productRefGroup = 22FF5A2A2259AF21007E4C19;
			projectDirPath = "";
			projectRoot = "";
			targets = (
				22FF5A322259AF21007E4C19 /* Violations */,
			);
		};
/* End PBXProject section */

/* Begin PBXResourcesBuildPhase section */
		22FF5A312259AF21007E4C19 /* Resources */ = {
			isa = PBXResourcesBuildPhase;
			buildActionMask = 2147483647;
			files = (
				22FF5A412259AF23007E4C19 /* LaunchScreen.storyboard in Resources */,
				22DC152923DA1863007F363F /* MarkerInfoCell.xib in Resources */,
				220E24A822883957002F2D63 /* Login.storyboard in Resources */,
				22527AAF244071F600435585 /* ThemeModeCell.xib in Resources */,
				22FF5A4E2259C9C2007E4C19 /* GoogleService-Info.plist in Resources */,
				22FF5A3E2259AF23007E4C19 /* Assets.xcassets in Resources */,
				22C23DD022798816004B47E9 /* CalloutView.storyboard in Resources */,
				22DC152323DA17BD007F363F /* AddedMarkersTableViewController.storyboard in Resources */,
				22DC152523DA17D3007F363F /* SavedMarkersTableViewController.storyboard in Resources */,
				22FF5A3C2259AF21007E4C19 /* Main.storyboard in Resources */,
			);
			runOnlyForDeploymentPostprocessing = 0;
		};
/* End PBXResourcesBuildPhase section */

/* Begin PBXShellScriptBuildPhase section */
		54D5B8ACCF9D98CC038178BF /* [CP] Check Pods Manifest.lock */ = {
			isa = PBXShellScriptBuildPhase;
			buildActionMask = 2147483647;
			files = (
			);
			inputFileListPaths = (
			);
			inputPaths = (
				"${PODS_PODFILE_DIR_PATH}/Podfile.lock",
				"${PODS_ROOT}/Manifest.lock",
			);
			name = "[CP] Check Pods Manifest.lock";
			outputFileListPaths = (
			);
			outputPaths = (
				"$(DERIVED_FILE_DIR)/Pods-Violations-checkManifestLockResult.txt",
			);
			runOnlyForDeploymentPostprocessing = 0;
			shellPath = /bin/sh;
			shellScript = "diff \"${PODS_PODFILE_DIR_PATH}/Podfile.lock\" \"${PODS_ROOT}/Manifest.lock\" > /dev/null\nif [ $? != 0 ] ; then\n    # print error to STDERR\n    echo \"error: The sandbox is not in sync with the Podfile.lock. Run 'pod install' or update your CocoaPods installation.\" >&2\n    exit 1\nfi\n# This output is used by Xcode 'outputs' to avoid re-running this script phase.\necho \"SUCCESS\" > \"${SCRIPT_OUTPUT_FILE_0}\"\n";
			showEnvVarsInLog = 0;
		};
		A565F8C0FFBF03B10B69A60B /* [CP] Copy Pods Resources */ = {
			isa = PBXShellScriptBuildPhase;
			buildActionMask = 2147483647;
			files = (
			);
			inputFileListPaths = (
				"${PODS_ROOT}/Target Support Files/Pods-Violations/Pods-Violations-resources-${CONFIGURATION}-input-files.xcfilelist",
			);
			name = "[CP] Copy Pods Resources";
			outputFileListPaths = (
				"${PODS_ROOT}/Target Support Files/Pods-Violations/Pods-Violations-resources-${CONFIGURATION}-output-files.xcfilelist",
			);
			runOnlyForDeploymentPostprocessing = 0;
			shellPath = /bin/sh;
			shellScript = "\"${PODS_ROOT}/Target Support Files/Pods-Violations/Pods-Violations-resources.sh\"\n";
			showEnvVarsInLog = 0;
		};
/* End PBXShellScriptBuildPhase section */

/* Begin PBXSourcesBuildPhase section */
		22FF5A2F2259AF21007E4C19 /* Sources */ = {
			isa = PBXSourcesBuildPhase;
			buildActionMask = 2147483647;
			files = (
				2209B95C23D0DCB200B3FE51 /* UITableView+Registration.swift in Sources */,
				22C968DD23D0A84600E55572 /* KeyboardShowing.swift in Sources */,
				2209B95E23D0DCF600B3FE51 /* NIBLoadableView.swift in Sources */,
				22FF5A4C2259B505007E4C19 /* RegisterViewController.swift in Sources */,
				2209B95423D0C95600B3FE51 /* UserDefault.swift in Sources */,
				220E24AE22883FA9002F2D63 /* NavigationViewController.swift in Sources */,
				22DE41A62403B43900680606 /* Date+Formatting.swift in Sources */,
				2209B93123D0A93E00B3FE51 /* DefaultAlertShowing.swift in Sources */,
				22926C9C225DAEC000E8D3AB /* MarkDetailViewController.swift in Sources */,
				223B1720226B342E00B9E20E /* ResetPasswordViewController.swift in Sources */,
				2209B96023D0DD1300B3FE51 /* ReusableView.swift in Sources */,
				22DB647723F69C550039FF6B /* MarkersInnerViewController.swift in Sources */,
				226B0E2E2442E5AE008AF6A4 /* LoadingLayer.swift in Sources */,
				2209B94923D0C63000B3FE51 /* PrimaryButton.swift in Sources */,
				2209B95623D0CBE800B3FE51 /* ProgressHUDShowing.swift in Sources */,
				22F2E87B226825A80052BBC9 /* CustomCallout.swift in Sources */,
				2209B96523D0E69B00B3FE51 /* ReportsType.swift in Sources */,
				2216D81A23DC8C5600BBA6D3 /* UIViewController+DismissingKeyboard.swift in Sources */,
				2294CCA522758EB7008131A5 /* PostServiceFirebase.swift in Sources */,
				22585210228415360049F367 /* TakeMarkersFromFirebase.swift in Sources */,
				2209B94D23D0C6D800B3FE51 /* BackgroundView.swift in Sources */,
				22527AB12440733800435585 /* ThemeMode.swift in Sources */,
				2208A7A32262EEE700C6D45E /* MarkerInfoViewController.swift in Sources */,
				220E24B02288405A002F2D63 /* CheckInternet.swift in Sources */,
				2209B94B23D0C6AD00B3FE51 /* Image.swift in Sources */,
				22674A2624405FD300646C3B /* AppearanceViewController.swift in Sources */,
				22DC152023DA17A2007F363F /* AddedMarkersTableViewController.swift in Sources */,
				226B0E292440B5BD008AF6A4 /* UIImage+CustomImages.swift in Sources */,
				22FF5A392259AF21007E4C19 /* LoginViewController.swift in Sources */,
				2209B94223D0C57C00B3FE51 /* UITextField+Padding.swift in Sources */,
				226B0E272440B407008AF6A4 /* UITraitCollection+Properties.swift in Sources */,
				22FF5A372259AF21007E4C19 /* AppDelegate.swift in Sources */,
				2294CCA322747954008131A5 /* ImageSource.swift in Sources */,
				224FD0D524407B60004DBD1C /* UIColor+CustomInits.swift in Sources */,
				22C968DA23D0A7BD00E55572 /* TypeAliases.swift in Sources */,
				2209B95923D0D20500B3FE51 /* MarkersManager.swift in Sources */,
				2209B93923D0C48C00B3FE51 /* UIImage+ScaleImage.swift in Sources */,
				228A1D3323DAD9E30058C5CD /* Marker.swift in Sources */,
				22C23DD222798CC0004B47E9 /* CalloutView.swift in Sources */,
				22FF5A52225A000E007E4C19 /* TabBarController.swift in Sources */,
				2294CCAB22776BC4008131A5 /* ImageCollectionViewCell.swift in Sources */,
				2209B95123D0C74300B3FE51 /* ViewControllerPannable.swift in Sources */,
				2209B94F23D0C70D00B3FE51 /* AuthenticationTextField.swift in Sources */,
				220E24A6228837FA002F2D63 /* AppStoryboard.swift in Sources */,
				22CA8091225A3A2800E01B61 /* ProfileViewController.swift in Sources */,
				22DC152C23DA288B007F363F /* UIPageViewController+Navigation.swift in Sources */,
				2294CCA722758EE2008131A5 /* StorageServiceFireBase.swift in Sources */,
				22DC151223DA1066007F363F /* MarkersTableViewController.swift in Sources */,
				2247BD4922BDFCC1009AE55C /* DarkTheme.swift in Sources */,
				2208A79C2261B40C00C6D45E /* SavedMarker.swift in Sources */,
				2209B93C23D0C4D000B3FE51 /* UIViewController+Instantiate.swift in Sources */,
				2294CC7B226EE674008131A5 /* WeatherData.swift in Sources */,
				2295A64F24122C58007208CD /* StatusBarAppearance.swift in Sources */,
				2247BD4422BDFC23009AE55C /* ThemeProtocol.swift in Sources */,
				2260E40722BFA09000374258 /* UserMarker.swift in Sources */,
				22DC151B23DA1788007F363F /* SavedMarkersTableViewController.swift in Sources */,
				22527AAE244071F600435585 /* ThemeModeCell.swift in Sources */,
				228A1D3823DAE4A20058C5CD /* ActionSheetShowing.swift in Sources */,
				2209B94523D0C5DB00B3FE51 /* UIApplication+SettingRootView.swift in Sources */,
				2247BD4622BDFCA8009AE55C /* LightTheme.swift in Sources */,
				22FAF2E923EF1AD0008C554F /* MulticastDelegate.swift in Sources */,
				22DC152823DA1863007F363F /* MarkerInfoCell.swift in Sources */,
				22FAF2EB23EF1BDA008C554F /* ThemeManager.swift in Sources */,
				224FD0D324407631004DBD1C /* UIColor+CustomColors.swift in Sources */,
				2209B96323D0DD8100B3FE51 /* UICollectionView+Registration.swift in Sources */,
				22FF5A502259CDF0007E4C19 /* MapViewController.swift in Sources */,
				228A1D2E23DAB7020058C5CD /* UIPageViewController+ScrollView.swift in Sources */,
			);
			runOnlyForDeploymentPostprocessing = 0;
		};
/* End PBXSourcesBuildPhase section */

/* Begin PBXVariantGroup section */
		22FF5A3A2259AF21007E4C19 /* Main.storyboard */ = {
			isa = PBXVariantGroup;
			children = (
				22FF5A3B2259AF21007E4C19 /* Base */,
			);
			name = Main.storyboard;
			sourceTree = "<group>";
		};
		22FF5A3F2259AF23007E4C19 /* LaunchScreen.storyboard */ = {
			isa = PBXVariantGroup;
			children = (
				22FF5A402259AF23007E4C19 /* Base */,
			);
			name = LaunchScreen.storyboard;
			sourceTree = "<group>";
		};
/* End PBXVariantGroup section */

/* Begin XCBuildConfiguration section */
		22FF5A432259AF23007E4C19 /* Debug */ = {
			isa = XCBuildConfiguration;
			buildSettings = {
				ALWAYS_SEARCH_USER_PATHS = NO;
				CLANG_ANALYZER_NONNULL = YES;
				CLANG_ANALYZER_NUMBER_OBJECT_CONVERSION = YES_AGGRESSIVE;
				CLANG_CXX_LANGUAGE_STANDARD = "gnu++14";
				CLANG_CXX_LIBRARY = "libc++";
				CLANG_ENABLE_MODULES = YES;
				CLANG_ENABLE_OBJC_ARC = YES;
				CLANG_ENABLE_OBJC_WEAK = YES;
				CLANG_WARN_BLOCK_CAPTURE_AUTORELEASING = YES;
				CLANG_WARN_BOOL_CONVERSION = YES;
				CLANG_WARN_COMMA = YES;
				CLANG_WARN_CONSTANT_CONVERSION = YES;
				CLANG_WARN_DEPRECATED_OBJC_IMPLEMENTATIONS = YES;
				CLANG_WARN_DIRECT_OBJC_ISA_USAGE = YES_ERROR;
				CLANG_WARN_DOCUMENTATION_COMMENTS = YES;
				CLANG_WARN_EMPTY_BODY = YES;
				CLANG_WARN_ENUM_CONVERSION = YES;
				CLANG_WARN_INFINITE_RECURSION = YES;
				CLANG_WARN_INT_CONVERSION = YES;
				CLANG_WARN_NON_LITERAL_NULL_CONVERSION = YES;
				CLANG_WARN_OBJC_IMPLICIT_RETAIN_SELF = YES;
				CLANG_WARN_OBJC_LITERAL_CONVERSION = YES;
				CLANG_WARN_OBJC_ROOT_CLASS = YES_ERROR;
				CLANG_WARN_RANGE_LOOP_ANALYSIS = YES;
				CLANG_WARN_STRICT_PROTOTYPES = YES;
				CLANG_WARN_SUSPICIOUS_MOVE = YES;
				CLANG_WARN_UNGUARDED_AVAILABILITY = YES_AGGRESSIVE;
				CLANG_WARN_UNREACHABLE_CODE = YES;
				CLANG_WARN__DUPLICATE_METHOD_MATCH = YES;
				CODE_SIGN_IDENTITY = "iPhone Developer";
				COPY_PHASE_STRIP = NO;
				DEBUG_INFORMATION_FORMAT = dwarf;
				ENABLE_STRICT_OBJC_MSGSEND = YES;
				ENABLE_TESTABILITY = YES;
				GCC_C_LANGUAGE_STANDARD = gnu11;
				GCC_DYNAMIC_NO_PIC = NO;
				GCC_NO_COMMON_BLOCKS = YES;
				GCC_OPTIMIZATION_LEVEL = 0;
				GCC_PREPROCESSOR_DEFINITIONS = (
					"DEBUG=1",
					"$(inherited)",
				);
				GCC_WARN_64_TO_32_BIT_CONVERSION = YES;
				GCC_WARN_ABOUT_RETURN_TYPE = YES_ERROR;
				GCC_WARN_UNDECLARED_SELECTOR = YES;
				GCC_WARN_UNINITIALIZED_AUTOS = YES_AGGRESSIVE;
				GCC_WARN_UNUSED_FUNCTION = YES;
				GCC_WARN_UNUSED_VARIABLE = YES;
				IPHONEOS_DEPLOYMENT_TARGET = 13.0;
				MTL_ENABLE_DEBUG_INFO = INCLUDE_SOURCE;
				MTL_FAST_MATH = YES;
				ONLY_ACTIVE_ARCH = YES;
				SDKROOT = iphoneos;
				SWIFT_ACTIVE_COMPILATION_CONDITIONS = DEBUG;
				SWIFT_OPTIMIZATION_LEVEL = "-Onone";
			};
			name = Debug;
		};
		22FF5A442259AF23007E4C19 /* Release */ = {
			isa = XCBuildConfiguration;
			buildSettings = {
				ALWAYS_SEARCH_USER_PATHS = NO;
				CLANG_ANALYZER_NONNULL = YES;
				CLANG_ANALYZER_NUMBER_OBJECT_CONVERSION = YES_AGGRESSIVE;
				CLANG_CXX_LANGUAGE_STANDARD = "gnu++14";
				CLANG_CXX_LIBRARY = "libc++";
				CLANG_ENABLE_MODULES = YES;
				CLANG_ENABLE_OBJC_ARC = YES;
				CLANG_ENABLE_OBJC_WEAK = YES;
				CLANG_WARN_BLOCK_CAPTURE_AUTORELEASING = YES;
				CLANG_WARN_BOOL_CONVERSION = YES;
				CLANG_WARN_COMMA = YES;
				CLANG_WARN_CONSTANT_CONVERSION = YES;
				CLANG_WARN_DEPRECATED_OBJC_IMPLEMENTATIONS = YES;
				CLANG_WARN_DIRECT_OBJC_ISA_USAGE = YES_ERROR;
				CLANG_WARN_DOCUMENTATION_COMMENTS = YES;
				CLANG_WARN_EMPTY_BODY = YES;
				CLANG_WARN_ENUM_CONVERSION = YES;
				CLANG_WARN_INFINITE_RECURSION = YES;
				CLANG_WARN_INT_CONVERSION = YES;
				CLANG_WARN_NON_LITERAL_NULL_CONVERSION = YES;
				CLANG_WARN_OBJC_IMPLICIT_RETAIN_SELF = YES;
				CLANG_WARN_OBJC_LITERAL_CONVERSION = YES;
				CLANG_WARN_OBJC_ROOT_CLASS = YES_ERROR;
				CLANG_WARN_RANGE_LOOP_ANALYSIS = YES;
				CLANG_WARN_STRICT_PROTOTYPES = YES;
				CLANG_WARN_SUSPICIOUS_MOVE = YES;
				CLANG_WARN_UNGUARDED_AVAILABILITY = YES_AGGRESSIVE;
				CLANG_WARN_UNREACHABLE_CODE = YES;
				CLANG_WARN__DUPLICATE_METHOD_MATCH = YES;
				CODE_SIGN_IDENTITY = "iPhone Developer";
				COPY_PHASE_STRIP = NO;
				DEBUG_INFORMATION_FORMAT = "dwarf-with-dsym";
				ENABLE_NS_ASSERTIONS = NO;
				ENABLE_STRICT_OBJC_MSGSEND = YES;
				GCC_C_LANGUAGE_STANDARD = gnu11;
				GCC_NO_COMMON_BLOCKS = YES;
				GCC_WARN_64_TO_32_BIT_CONVERSION = YES;
				GCC_WARN_ABOUT_RETURN_TYPE = YES_ERROR;
				GCC_WARN_UNDECLARED_SELECTOR = YES;
				GCC_WARN_UNINITIALIZED_AUTOS = YES_AGGRESSIVE;
				GCC_WARN_UNUSED_FUNCTION = YES;
				GCC_WARN_UNUSED_VARIABLE = YES;
				IPHONEOS_DEPLOYMENT_TARGET = 13.0;
				MTL_ENABLE_DEBUG_INFO = NO;
				MTL_FAST_MATH = YES;
				SDKROOT = iphoneos;
				SWIFT_COMPILATION_MODE = wholemodule;
				SWIFT_OPTIMIZATION_LEVEL = "-O";
				VALIDATE_PRODUCT = YES;
			};
			name = Release;
		};
		22FF5A462259AF23007E4C19 /* Debug */ = {
			isa = XCBuildConfiguration;
			baseConfigurationReference = A8B9A8853405CDF2F0F70A94 /* Pods-Violations.debug.xcconfig */;
			buildSettings = {
				ASSETCATALOG_COMPILER_APPICON_NAME = AppIcon;
				CODE_SIGN_STYLE = Automatic;
				DEVELOPMENT_TEAM = G3L84SD56C;
				INFOPLIST_FILE = Violations/Info.plist;
				IPHONEOS_DEPLOYMENT_TARGET = 13.0;
				LD_RUNPATH_SEARCH_PATHS = (
					"$(inherited)",
					"@executable_path/Frameworks",
				);
				PRODUCT_BUNDLE_IDENTIFIER = com.Zago.Violations;
				PRODUCT_NAME = "$(TARGET_NAME)";
				SWIFT_VERSION = 5.0;
				TARGETED_DEVICE_FAMILY = 1;
			};
			name = Debug;
		};
		22FF5A472259AF23007E4C19 /* Release */ = {
			isa = XCBuildConfiguration;
			baseConfigurationReference = 0497CF83778F778446DED38A /* Pods-Violations.release.xcconfig */;
			buildSettings = {
				ASSETCATALOG_COMPILER_APPICON_NAME = AppIcon;
				CODE_SIGN_STYLE = Automatic;
				DEVELOPMENT_TEAM = G3L84SD56C;
				INFOPLIST_FILE = Violations/Info.plist;
				IPHONEOS_DEPLOYMENT_TARGET = 13.0;
				LD_RUNPATH_SEARCH_PATHS = (
					"$(inherited)",
					"@executable_path/Frameworks",
				);
				PRODUCT_BUNDLE_IDENTIFIER = com.Zago.Violations;
				PRODUCT_NAME = "$(TARGET_NAME)";
				SWIFT_VERSION = 5.0;
				TARGETED_DEVICE_FAMILY = 1;
			};
			name = Release;
		};
/* End XCBuildConfiguration section */

/* Begin XCConfigurationList section */
		22FF5A2E2259AF21007E4C19 /* Build configuration list for PBXProject "Violations" */ = {
			isa = XCConfigurationList;
			buildConfigurations = (
				22FF5A432259AF23007E4C19 /* Debug */,
				22FF5A442259AF23007E4C19 /* Release */,
			);
			defaultConfigurationIsVisible = 0;
			defaultConfigurationName = Release;
		};
		22FF5A452259AF23007E4C19 /* Build configuration list for PBXNativeTarget "Violations" */ = {
			isa = XCConfigurationList;
			buildConfigurations = (
				22FF5A462259AF23007E4C19 /* Debug */,
				22FF5A472259AF23007E4C19 /* Release */,
			);
			defaultConfigurationIsVisible = 0;
			defaultConfigurationName = Release;
		};
/* End XCConfigurationList section */
	};
	rootObject = 22FF5A2B2259AF21007E4C19 /* Project object */;
}
